<?xml version="1.0" encoding="utf-8"?>
<Project ToolsVersion="4.0" xmlns="http://schemas.microsoft.com/developer/msbuild/2003">
  <ItemGroup>
    <Filter Include="Source Files">
      <UniqueIdentifier>{4FC737F1-C7A5-4376-A066-2A32D752A2FF}</UniqueIdentifier>
      <Extensions>cpp;c;cc;cxx;def;odl;idl;hpj;bat;asm;asmx</Extensions>
    </Filter>
    <Filter Include="Header Files">
      <UniqueIdentifier>{93995380-89BD-4b04-88EB-625FBE52EBFB}</UniqueIdentifier>
      <Extensions>h;hh;hpp;hxx;hm;inl;inc;xsd</Extensions>
    </Filter>
    <Filter Include="Resource Files">
      <UniqueIdentifier>{67DA6AB6-F800-4c08-8B7A-83BB121AAD01}</UniqueIdentifier>
      <Extensions>rc;ico;cur;bmp;dlg;rc2;rct;bin;rgs;gif;jpg;jpeg;jpe;resx;tiff;tif;png;wav;mfcribbon-ms</Extensions>
    </Filter>
  </ItemGroup>
  <ItemGroup>
    <ClInclude Include="tiny\algo\gridmap.h">
      <Filter>Header Files</Filter>
    </ClInclude>
    <ClInclude Include="tiny\algo\typecluster.h">
      <Filter>Header Files</Filter>
    </ClInclude>
    <ClInclude Include="tiny\draw\detail\formats.h">
      <Filter>Header Files</Filter>
    </ClInclude>
    <ClInclude Include="tiny\draw\detail\worldrenderer.h">
      <Filter>Header Files</Filter>
    </ClInclude>
    <ClInclude Include="tiny\draw\effects\diffuse.h">
      <Filter>Header Files</Filter>
    </ClInclude>
    <ClInclude Include="tiny\draw\effects\lambert.h">
      <Filter>Header Files</Filter>
    </ClInclude>
    <ClInclude Include="tiny\draw\effects\normals.h">
      <Filter>Header Files</Filter>
    </ClInclude>
    <ClInclude Include="tiny\draw\effects\showimage.h">
      <Filter>Header Files</Filter>
    </ClInclude>
    <ClInclude Include="tiny\draw\effects\solid.h">
      <Filter>Header Files</Filter>
    </ClInclude>
    <ClInclude Include="tiny\draw\effects\sunsky.h">
      <Filter>Header Files</Filter>
    </ClInclude>
    <ClInclude Include="tiny\draw\heightmap\diamondsquare.h">
      <Filter>Header Files</Filter>
    </ClInclude>
    <ClInclude Include="tiny\draw\heightmap\heighttocolour.h">
      <Filter>Header Files</Filter>
    </ClInclude>
    <ClInclude Include="tiny\draw\heightmap\normalmap.h">
      <Filter>Header Files</Filter>
    </ClInclude>
    <ClInclude Include="tiny\draw\heightmap\resize.h">
      <Filter>Header Files</Filter>
    </ClInclude>
    <ClInclude Include="tiny\draw\heightmap\scale.h">
      <Filter>Header Files</Filter>
    </ClInclude>
    <ClInclude Include="tiny\draw\heightmap\tangentmap.h">
      <Filter>Header Files</Filter>
    </ClInclude>
    <ClInclude Include="tiny\draw\animatedmesh.h">
      <Filter>Header Files</Filter>
    </ClInclude>
    <ClInclude Include="tiny\draw\animatedmeshhorde.h">
      <Filter>Header Files</Filter>
    </ClInclude>
    <ClInclude Include="tiny\draw\buffer.h">
      <Filter>Header Files</Filter>
    </ClInclude>
    <ClInclude Include="tiny\draw\colour.h">
      <Filter>Header Files</Filter>
    </ClInclude>
    <ClInclude Include="tiny\draw\computetexture.h">
      <Filter>Header Files</Filter>
    </ClInclude>
    <ClInclude Include="tiny\draw\glcheck.h">
      <Filter>Header Files</Filter>
    </ClInclude>
    <ClInclude Include="tiny\draw\iconhorde.h">
      <Filter>Header Files</Filter>
    </ClInclude>
    <ClInclude Include="tiny\draw\icontexture2d.h">
      <Filter>Header Files</Filter>
    </ClInclude>
    <ClInclude Include="tiny\draw\indexbuffer.h">
      <Filter>Header Files</Filter>
    </ClInclude>
    <ClInclude Include="tiny\draw\lighthorde.h">
      <Filter>Header Files</Filter>
    </ClInclude>
    <ClInclude Include="tiny\draw\renderable.h">
      <Filter>Header Files</Filter>
    </ClInclude>
    <ClInclude Include="tiny\draw\renderer.h">
      <Filter>Header Files</Filter>
    </ClInclude>
    <ClInclude Include="tiny\draw\rendererwithcamera.h">
      <Filter>Header Files</Filter>
    </ClInclude>
    <ClInclude Include="tiny\draw\screensquare.h">
      <Filter>Header Files</Filter>
    </ClInclude>
    <ClInclude Include="tiny\draw\shader.h">
      <Filter>Header Files</Filter>
    </ClInclude>
    <ClInclude Include="tiny\draw\shaderprogram.h">
      <Filter>Header Files</Filter>
    </ClInclude>
    <ClInclude Include="tiny\draw\staticmesh.h">
      <Filter>Header Files</Filter>
    </ClInclude>
    <ClInclude Include="tiny\draw\staticmeshhorde.h">
      <Filter>Header Files</Filter>
    </ClInclude>
    <ClInclude Include="tiny\draw\terrain.h">
      <Filter>Header Files</Filter>
    </ClInclude>
    <ClInclude Include="tiny\draw\textbox.h">
      <Filter>Header Files</Filter>
    </ClInclude>
    <ClInclude Include="tiny\draw\texture.h">
      <Filter>Header Files</Filter>
    </ClInclude>
    <ClInclude Include="tiny\draw\texture1d.h">
      <Filter>Header Files</Filter>
    </ClInclude>
    <ClInclude Include="tiny\draw\texture2d.h">
      <Filter>Header Files</Filter>
    </ClInclude>
    <ClInclude Include="tiny\draw\texture2darray.h">
      <Filter>Header Files</Filter>
    </ClInclude>
    <ClInclude Include="tiny\draw\texture3d.h">
      <Filter>Header Files</Filter>
    </ClInclude>
    <ClInclude Include="tiny\draw\texturebuffer.h">
      <Filter>Header Files</Filter>
    </ClInclude>
    <ClInclude Include="tiny\draw\tiledhorde.h">
      <Filter>Header Files</Filter>
    </ClInclude>
    <ClInclude Include="tiny\draw\uniformmap.h">
      <Filter>Header Files</Filter>
    </ClInclude>
    <ClInclude Include="tiny\draw\vertexbuffer.h">
      <Filter>Header Files</Filter>
    </ClInclude>
    <ClInclude Include="tiny\draw\vertexbufferinterpreter.h">
      <Filter>Header Files</Filter>
    </ClInclude>
    <ClInclude Include="tiny\draw\worldrenderer.h">
      <Filter>Header Files</Filter>
    </ClInclude>
    <ClInclude Include="tiny\hash\md5.h">
      <Filter>Header Files</Filter>
    </ClInclude>
    <ClInclude Include="tiny\img\io\image.h">
      <Filter>Header Files</Filter>
    </ClInclude>
    <ClInclude Include="tiny\img\image.h">
      <Filter>Header Files</Filter>
    </ClInclude>
    <ClInclude Include="tiny\lod\quadtree.h">
      <Filter>Header Files</Filter>
    </ClInclude>
    <ClInclude Include="tiny\math\vec.h">
      <Filter>Header Files</Filter>
    </ClInclude>
    <ClInclude Include="tiny\mesh\io\detail\aimesh.h">
      <Filter>Header Files</Filter>
    </ClInclude>
    <ClInclude Include="tiny\mesh\io\animatedmesh.h">
      <Filter>Header Files</Filter>
    </ClInclude>
    <ClInclude Include="tiny\mesh\io\staticmesh.h">
      <Filter>Header Files</Filter>
    </ClInclude>
    <ClInclude Include="tiny\mesh\animatedmesh.h">
      <Filter>Header Files</Filter>
    </ClInclude>
    <ClInclude Include="tiny\mesh\staticmesh.h">
      <Filter>Header Files</Filter>
    </ClInclude>
    <ClInclude Include="tiny\net\client.h">
      <Filter>Header Files</Filter>
    </ClInclude>
    <ClInclude Include="tiny\net\console.h">
      <Filter>Header Files</Filter>
    </ClInclude>
    <ClInclude Include="tiny\net\host.h">
      <Filter>Header Files</Filter>
    </ClInclude>
    <ClInclude Include="tiny\net\message.h">
      <Filter>Header Files</Filter>
    </ClInclude>
    <ClInclude Include="tiny\os\application.h">
      <Filter>Header Files</Filter>
    </ClInclude>
    <ClInclude Include="tiny\os\sdlapplication.h">
      <Filter>Header Files</Filter>
    </ClInclude>
    <ClInclude Include="tiny\smp\io\sample.h">
      <Filter>Header Files</Filter>
    </ClInclude>
    <ClInclude Include="tiny\smp\sample.h">
      <Filter>Header Files</Filter>
    </ClInclude>
    <ClInclude Include="tiny\snd\detail\formats.h">
      <Filter>Header Files</Filter>
    </ClInclude>
    <ClInclude Include="tiny\snd\alcheck.h">
      <Filter>Header Files</Filter>
    </ClInclude>
    <ClInclude Include="tiny\snd\buffer.h">
      <Filter>Header Files</Filter>
    </ClInclude>
    <ClInclude Include="tiny\snd\source.h">
      <Filter>Header Files</Filter>
    </ClInclude>
    <ClInclude Include="tiny\snd\worldsounderer.h">
      <Filter>Header Files</Filter>
    </ClInclude>
    <ClInclude Include="tiny\draw\texture2dcubearray.h">
      <Filter>Header Files</Filter>
    </ClInclude>
    <ClInclude Include="tiny\draw\voxelmap.h">
      <Filter>Header Files</Filter>
    </ClInclude>
    <ClInclude Include="tiny\draw\effects\sunskyvoxelmap.h">
      <Filter>Header Files</Filter>
    </ClInclude>
    <ClInclude Include="tiny\rigid\rigidbody.h">
      <Filter>Header Files</Filter>
    </ClInclude>
  </ItemGroup>
  <ItemGroup>
    <ClCompile Include="tiny\draw\detail\worldrenderer.cpp">
      <Filter>Source Files</Filter>
    </ClCompile>
    <ClCompile Include="tiny\draw\effects\diffuse.cpp">
      <Filter>Source Files</Filter>
    </ClCompile>
    <ClCompile Include="tiny\draw\effects\lambert.cpp">
      <Filter>Source Files</Filter>
    </ClCompile>
    <ClCompile Include="tiny\draw\effects\normals.cpp">
      <Filter>Source Files</Filter>
    </ClCompile>
    <ClCompile Include="tiny\draw\effects\showimage.cpp">
      <Filter>Source Files</Filter>
    </ClCompile>
    <ClCompile Include="tiny\draw\effects\solid.cpp">
      <Filter>Source Files</Filter>
    </ClCompile>
    <ClCompile Include="tiny\draw\effects\sunsky.cpp">
      <Filter>Source Files</Filter>
    </ClCompile>
    <ClCompile Include="tiny\draw\animatedmesh.cpp">
      <Filter>Source Files</Filter>
    </ClCompile>
    <ClCompile Include="tiny\draw\animatedmeshhorde.cpp">
      <Filter>Source Files</Filter>
    </ClCompile>
    <ClCompile Include="tiny\draw\buffer.cpp">
      <Filter>Source Files</Filter>
    </ClCompile>
    <ClCompile Include="tiny\draw\computetexture.cpp">
      <Filter>Source Files</Filter>
    </ClCompile>
    <ClCompile Include="tiny\draw\glcheck.cpp">
      <Filter>Source Files</Filter>
    </ClCompile>
    <ClCompile Include="tiny\draw\iconhorde.cpp">
      <Filter>Source Files</Filter>
    </ClCompile>
    <ClCompile Include="tiny\draw\icontexture2d.cpp">
      <Filter>Source Files</Filter>
    </ClCompile>
    <ClCompile Include="tiny\draw\lighthorde.cpp">
      <Filter>Source Files</Filter>
    </ClCompile>
    <ClCompile Include="tiny\draw\renderable.cpp">
      <Filter>Source Files</Filter>
    </ClCompile>
    <ClCompile Include="tiny\draw\renderer.cpp">
      <Filter>Source Files</Filter>
    </ClCompile>
    <ClCompile Include="tiny\draw\rendererwithcamera.cpp">
      <Filter>Source Files</Filter>
    </ClCompile>
    <ClCompile Include="tiny\draw\screensquare.cpp">
      <Filter>Source Files</Filter>
    </ClCompile>
    <ClCompile Include="tiny\draw\shader.cpp">
      <Filter>Source Files</Filter>
    </ClCompile>
    <ClCompile Include="tiny\draw\shaderprogram.cpp">
      <Filter>Source Files</Filter>
    </ClCompile>
    <ClCompile Include="tiny\draw\staticmesh.cpp">
      <Filter>Source Files</Filter>
    </ClCompile>
    <ClCompile Include="tiny\draw\staticmeshhorde.cpp">
      <Filter>Source Files</Filter>
    </ClCompile>
    <ClCompile Include="tiny\draw\terrain.cpp">
      <Filter>Source Files</Filter>
    </ClCompile>
    <ClCompile Include="tiny\draw\textbox.cpp">
      <Filter>Source Files</Filter>
    </ClCompile>
    <ClCompile Include="tiny\draw\texture.cpp">
      <Filter>Source Files</Filter>
    </ClCompile>
    <ClCompile Include="tiny\draw\uniformmap.cpp">
      <Filter>Source Files</Filter>
    </ClCompile>
    <ClCompile Include="tiny\draw\worldrenderer.cpp">
      <Filter>Source Files</Filter>
    </ClCompile>
    <ClCompile Include="tiny\hash\md5.cpp">
      <Filter>Source Files</Filter>
    </ClCompile>
    <ClCompile Include="tiny\img\io\image.cpp">
      <Filter>Source Files</Filter>
    </ClCompile>
    <ClCompile Include="tiny\img\image.cpp">
      <Filter>Source Files</Filter>
    </ClCompile>
    <ClCompile Include="tiny\lod\quadtree.cpp">
      <Filter>Source Files</Filter>
    </ClCompile>
    <ClCompile Include="tiny\math\vec.cpp">
      <Filter>Source Files</Filter>
    </ClCompile>
    <ClCompile Include="tiny\mesh\io\animatedmesh.cpp">
      <Filter>Source Files</Filter>
    </ClCompile>
    <ClCompile Include="tiny\mesh\io\staticmesh.cpp">
      <Filter>Source Files</Filter>
    </ClCompile>
    <ClCompile Include="tiny\mesh\animatedmesh.cpp">
      <Filter>Source Files</Filter>
    </ClCompile>
    <ClCompile Include="tiny\mesh\staticmesh.cpp">
      <Filter>Source Files</Filter>
    </ClCompile>
    <ClCompile Include="tiny\net\client.cpp">
      <Filter>Source Files</Filter>
    </ClCompile>
    <ClCompile Include="tiny\net\console.cpp">
      <Filter>Source Files</Filter>
    </ClCompile>
    <ClCompile Include="tiny\net\host.cpp">
      <Filter>Source Files</Filter>
    </ClCompile>
    <ClCompile Include="tiny\net\message.cpp">
      <Filter>Source Files</Filter>
    </ClCompile>
    <ClCompile Include="tiny\os\application.cpp">
      <Filter>Source Files</Filter>
    </ClCompile>
    <ClCompile Include="tiny\os\sdlapplication.cpp">
      <Filter>Source Files</Filter>
    </ClCompile>
    <ClCompile Include="tiny\smp\io\sample.cpp">
      <Filter>Source Files</Filter>
    </ClCompile>
    <ClCompile Include="tiny\smp\sample.cpp">
      <Filter>Source Files</Filter>
    </ClCompile>
    <ClCompile Include="tiny\snd\alcheck.cpp">
      <Filter>Source Files</Filter>
    </ClCompile>
    <ClCompile Include="tiny\snd\buffer.cpp">
      <Filter>Source Files</Filter>
    </ClCompile>
    <ClCompile Include="tiny\snd\source.cpp">
      <Filter>Source Files</Filter>
    </ClCompile>
    <ClCompile Include="tiny\snd\worldsounderer.cpp">
      <Filter>Source Files</Filter>
    </ClCompile>
    <ClCompile Include="tiny\draw\voxelmap.cpp">
      <Filter>Source Files</Filter>
    </ClCompile>
    <ClCompile Include="tiny\draw\effects\sunskyvoxelmap.cpp">
      <Filter>Source Files</Filter>
    </ClCompile>
    <ClCompile Include="tiny\rigid\rigidbody.cpp">
      <Filter>Source Files</Filter>
    </ClCompile>
  </ItemGroup>
</Project>