
Microsoft Visual Studio Solution File, Format Version 12.00
# Visual Studio Version 16
VisualStudioVersion = 16.0.30523.141
MinimumVisualStudioVersion = 10.0.40219.1
Project("{8BC9CEB8-8B4A-11D0-8D11-00A0C91BC942}") = "TestTerrainFancy", "TestTerrainFancy\TestTerrainFancy.vcxproj", "{245AF60B-167C-4FB8-8579-52785646BE26}"
	ProjectSection(ProjectDependencies) = postProject
		{FF8DC128-C637-4095-A6CF-27004BC5FA0B} = {FF8DC128-C637-4095-A6CF-27004BC5FA0B}
	EndProjectSection
EndProject
Project("{8BC9CEB8-8B4A-11D0-8D11-00A0C91BC942}") = "Tanks", "Tanks\Tanks.vcxproj", "{021D50C6-750E-4981-9250-DD94DC5C2F9E}"
	ProjectSection(ProjectDependencies) = postProject
		{FF8DC128-C637-4095-A6CF-27004BC5FA0B} = {FF8DC128-C637-4095-A6CF-27004BC5FA0B}
	EndProjectSection
EndProject
Project("{8BC9CEB8-8B4A-11D0-8D11-00A0C91BC942}") = "Rpg", "Rpg\Rpg.vcxproj", "{4B88D607-AD27-4301-8DD6-F933D399A9CA}"
	ProjectSection(ProjectDependencies) = postProject
		{FF8DC128-C637-4095-A6CF-27004BC5FA0B} = {FF8DC128-C637-4095-A6CF-27004BC5FA0B}
	EndProjectSection
EndProject
Project("{8BC9CEB8-8B4A-11D0-8D11-00A0C91BC942}") = "TinyGameEngine", "TinyGameEngine.vcxproj", "{FF8DC128-C637-4095-A6CF-27004BC5FA0B}"
EndProject
Global
	GlobalSection(SolutionConfigurationPlatforms) = preSolution
		Debug|Win32 = Debug|Win32
		Debug|x64 = Debug|x64
		Release|Win32 = Release|Win32
		Release|x64 = Release|x64
	EndGlobalSection
	GlobalSection(ProjectConfigurationPlatforms) = postSolution
		{245AF60B-167C-4FB8-8579-52785646BE26}.Debug|Win32.ActiveCfg = Debug|Win32
		{245AF60B-167C-4FB8-8579-52785646BE26}.Debug|Win32.Build.0 = Debug|Win32
		{245AF60B-167C-4FB8-8579-52785646BE26}.Debug|x64.ActiveCfg = Debug|Win32
		{245AF60B-167C-4FB8-8579-52785646BE26}.Release|Win32.ActiveCfg = Release|Win32
		{245AF60B-167C-4FB8-8579-52785646BE26}.Release|Win32.Build.0 = Release|Win32
		{245AF60B-167C-4FB8-8579-52785646BE26}.Release|x64.ActiveCfg = Release|Win32
		{021D50C6-750E-4981-9250-DD94DC5C2F9E}.Debug|Win32.ActiveCfg = Debug|Win32
		{021D50C6-750E-4981-9250-DD94DC5C2F9E}.Debug|x64.ActiveCfg = Debug|Win32
		{021D50C6-750E-4981-9250-DD94DC5C2F9E}.Release|Win32.ActiveCfg = Release|Win32
		{021D50C6-750E-4981-9250-DD94DC5C2F9E}.Release|Win32.Build.0 = Release|Win32
		{021D50C6-750E-4981-9250-DD94DC5C2F9E}.Release|x64.ActiveCfg = Release|Win32
		{4B88D607-AD27-4301-8DD6-F933D399A9CA}.Debug|Win32.ActiveCfg = Debug|Win32
		{4B88D607-AD27-4301-8DD6-F933D399A9CA}.Debug|Win32.Build.0 = Debug|Win32
		{4B88D607-AD27-4301-8DD6-F933D399A9CA}.Debug|x64.ActiveCfg = Debug|x64
		{4B88D607-AD27-4301-8DD6-F933D399A9CA}.Debug|x64.Build.0 = Debug|x64
		{4B88D607-AD27-4301-8DD6-F933D399A9CA}.Release|Win32.ActiveCfg = Release|Win32
		{4B88D607-AD27-4301-8DD6-F933D399A9CA}.Release|Win32.Build.0 = Release|Win32
		{4B88D607-AD27-4301-8DD6-F933D399A9CA}.Release|x64.ActiveCfg = Release|x64
		{4B88D607-AD27-4301-8DD6-F933D399A9CA}.Release|x64.Build.0 = Release|x64
		{FF8DC128-C637-4095-A6CF-27004BC5FA0B}.Debug|Win32.ActiveCfg = Debug|Win32
		{FF8DC128-C637-4095-A6CF-27004BC5FA0B}.Debug|Win32.Build.0 = Debug|Win32
		{FF8DC128-C637-4095-A6CF-27004BC5FA0B}.Debug|x64.ActiveCfg = Debug|x64
		{FF8DC128-C637-4095-A6CF-27004BC5FA0B}.Debug|x64.Build.0 = Debug|x64
		{FF8DC128-C637-4095-A6CF-27004BC5FA0B}.Release|Win32.ActiveCfg = Release|Win32
		{FF8DC128-C637-4095-A6CF-27004BC5FA0B}.Release|Win32.Build.0 = Release|Win32
		{FF8DC128-C637-4095-A6CF-27004BC5FA0B}.Release|x64.ActiveCfg = Release|x64
		{FF8DC128-C637-4095-A6CF-27004BC5FA0B}.Release|x64.Build.0 = Release|x64
	EndGlobalSection
	GlobalSection(SolutionProperties) = preSolution
		HideSolutionNode = FALSE
	EndGlobalSection
	GlobalSection(ExtensibilityGlobals) = postSolution
		SolutionGuid = {0F7E88D4-263B-45CF-B884-7B9BEEC3AA10}
	EndGlobalSection
EndGlobal
